
Microsoft Visual Studio Solution File, Format Version 12.00
# Visual Studio Version 17
VisualStudioVersion = 17.0.31903.59
MinimumVisualStudioVersion = 10.0.40219.1
Project("{2150E333-8FDC-42A3-9474-1A3956D46DE8}") = "src", "src", "{3FB6AC63-3FE4-447E-9F30-C6F02EEF5713}"
EndProject
Project("{FAE04EC0-301F-11D3-BF4B-00C04F79EFBC}") = "RecipeShare.Api", "src\RecipeShare.Api\RecipeShare.Api.csproj", "{0128E7BB-0D0E-487C-A77E-D87357B807E3}"
EndProject
Project("{FAE04EC0-301F-11D3-BF4B-00C04F79EFBC}") = "RecipeShare.Core", "src\RecipeShare.Core\RecipeShare.Core.csproj", "{2B48FACC-CF49-4594-A7DC-814896C74FD9}"
EndProject
Project("{FAE04EC0-301F-11D3-BF4B-00C04F79EFBC}") = "RecipeShare.Infrastructure", "src\RecipeShare.Infrastructure\RecipeShare.Infrastructure.csproj", "{6BC9ED6C-9C78-4D18-8D8C-DEBF57A4793A}"
EndProject
Global
	GlobalSection(SolutionConfigurationPlatforms) = preSolution
		Debug|Any CPU = Debug|Any CPU
		Release|Any CPU = Release|Any CPU
	EndGlobalSection
	GlobalSection(SolutionProperties) = preSolution
		HideSolutionNode = FALSE
	EndGlobalSection
	GlobalSection(ProjectConfigurationPlatforms) = postSolution
		{0128E7BB-0D0E-487C-A77E-D87357B807E3}.Debug|Any CPU.ActiveCfg = Debug|Any CPU
		{0128E7BB-0D0E-487C-A77E-D87357B807E3}.Debug|Any CPU.Build.0 = Debug|Any CPU
		{0128E7BB-0D0E-487C-A77E-D87357B807E3}.Release|Any CPU.ActiveCfg = Release|Any CPU
		{0128E7BB-0D0E-487C-A77E-D87357B807E3}.Release|Any CPU.Build.0 = Release|Any CPU
		{2B48FACC-CF49-4594-A7DC-814896C74FD9}.Debug|Any CPU.ActiveCfg = Debug|Any CPU
		{2B48FACC-CF49-4594-A7DC-814896C74FD9}.Debug|Any CPU.Build.0 = Debug|Any CPU
		{2B48FACC-CF49-4594-A7DC-814896C74FD9}.Release|Any CPU.ActiveCfg = Release|Any CPU
		{2B48FACC-CF49-4594-A7DC-814896C74FD9}.Release|Any CPU.Build.0 = Release|Any CPU
		{6BC9ED6C-9C78-4D18-8D8C-DEBF57A4793A}.Debug|Any CPU.ActiveCfg = Debug|Any CPU
		{6BC9ED6C-9C78-4D18-8D8C-DEBF57A4793A}.Debug|Any CPU.Build.0 = Debug|Any CPU
		{6BC9ED6C-9C78-4D18-8D8C-DEBF57A4793A}.Release|Any CPU.ActiveCfg = Release|Any CPU
		{6BC9ED6C-9C78-4D18-8D8C-DEBF57A4793A}.Release|Any CPU.Build.0 = Release|Any CPU
	EndGlobalSection
	GlobalSection(NestedProjects) = preSolution
		{0128E7BB-0D0E-487C-A77E-D87357B807E3} = {3FB6AC63-3FE4-447E-9F30-C6F02EEF5713}
		{2B48FACC-CF49-4594-A7DC-814896C74FD9} = {3FB6AC63-3FE4-447E-9F30-C6F02EEF5713}
		{6BC9ED6C-9C78-4D18-8D8C-DEBF57A4793A} = {3FB6AC63-3FE4-447E-9F30-C6F02EEF5713}
	EndGlobalSection
EndGlobal
